<?xml version="1.0" encoding="UTF-8" standalone="yes" ?>
<CodeBlocks_project_file>
	<FileVersion major="1" minor="6" />
	<Project>
		<Option title="NewLatsieve" />
		<Option pch_mode="2" />
		<Option compiler="null" />
		<Build>
			<Target title="Release">
				<Option output="bin/Release/NewLatsieve" prefix_auto="1" extension_auto="1" />
				<Option object_output="obj/Release/" />
				<Option type="1" />
				<Option compiler="null" />
			</Target>
		</Build>
		<Unit filename="ApproximateLatticePoint.cpp" />
		<Unit filename="ApproximateLatticePoint.h" />
		<Unit filename="CompressedPoint.cpp" />
		<Unit filename="CompressedPoint.h" />
		<Unit filename="EllipticSampler.h" />
		<Unit filename="ExactLatticePoint.cpp" />
		<Unit filename="ExactLatticePoint.h" />
		<Unit filename="FilteredList.h" />
		<Unit filename="GaussQueue.h" />
		<Unit filename="LatticePoint.h" />
		<Unit filename="LatticePoint2.h" />
		<Unit filename="LatticePointsNew.cpp" />
		<Unit filename="LatticePointsNew.h" />
		<Unit filename="PointList.cpp" />
		<Unit filename="PointList.h" />
		<Unit filename="Sampler.h" />
		<Unit filename="SieveGauss.h" />
		<Unit filename="SieveJoint.cpp" />
		<Unit filename="SieveJoint.h" />
		<Unit filename="SieveMT.cpp" />
		<Unit filename="SieveST.cpp" />
		<Unit filename="SieveST2.cpp" />
		<Unit filename="SieveST3.cpp" />
		<Unit filename="SieveSTk.cpp" />
		<Unit filename="TermCondNew.h" />
		<Unit filename="notes.txt" />
		<Unit filename="sampler_basic.cpp" />
		<Unit filename="sampler_basic.h" />
		<Unit filename="sampler_main.cpp" />
		<Unit filename="sieve_common.h" />
		<Unit filename="sieve_main.cpp" />
		<Unit filename="sieve_main.h" />
		<Unit filename="test_newsieve.cpp" />
		<Unit filename="test_newsieve.h" />
		<Extensions>
			<code_completion />
			<debugger />
		</Extensions>
	</Project>
</CodeBlocks_project_file>
